
Microsoft Visual Studio Solution File, Format Version 12.00
# Visual Studio Version 17
VisualStudioVersion = 17.14.36518.9 d17.14
MinimumVisualStudioVersion = 10.0.40219.1
Project("{FAE04EC0-301F-11D3-BF4B-00C04F79EFBC}") = "Client", "Client.csproj", "{2CDD0EEF-1619-445A-91E7-D2EDE8B4EE40}"
EndProject
Global
	GlobalSection(SolutionConfigurationPlatforms) = preSolution
		Debug|Any CPU = Debug|Any CPU
		Release|Any CPU = Release|Any CPU
	EndGlobalSection
	GlobalSection(ProjectConfigurationPlatforms) = postSolution
		{2CDD0EEF-1619-445A-91E7-D2EDE8B4EE40}.Debug|Any CPU.ActiveCfg = Debug|Any CPU
		{2CDD0EEF-1619-445A-91E7-D2EDE8B4EE40}.Debug|Any CPU.Build.0 = Debug|Any CPU
		{2CDD0EEF-1619-445A-91E7-D2EDE8B4EE40}.Release|Any CPU.ActiveCfg = Release|Any CPU
		{2CDD0EEF-1619-445A-91E7-D2EDE8B4EE40}.Release|Any CPU.Build.0 = Release|Any CPU
	EndGlobalSection
	GlobalSection(SolutionProperties) = preSolution
		HideSolutionNode = FALSE
	EndGlobalSection
	GlobalSection(ExtensibilityGlobals) = postSolution
		SolutionGuid = {00202D36-0676-4BFF-9798-01B1002C940E}
	EndGlobalSection
EndGlobal
